// !$*UTF8*$!
{
	archiveVersion = 1;
	classes = {
	};
	objectVersion = 55;
	objects = {

/* Begin PBXBuildFile section */
		D43E48A8273B5AD1004031EE /* SallyApp.swift in Sources */ = {isa = PBXBuildFile; fileRef = D43E4898273B5ACF004031EE /* SallyApp.swift */; };
		D43E48A9273B5AD1004031EE /* SallyApp.swift in Sources */ = {isa = PBXBuildFile; fileRef = D43E4898273B5ACF004031EE /* SallyApp.swift */; };
		D43E48AC273B5AD1004031EE /* Assets.xcassets in Resources */ = {isa = PBXBuildFile; fileRef = D43E489A273B5AD1004031EE /* Assets.xcassets */; };
		D43E48AD273B5AD1004031EE /* Assets.xcassets in Resources */ = {isa = PBXBuildFile; fileRef = D43E489A273B5AD1004031EE /* Assets.xcassets */; };
		D43E4919273B5F91004031EE /* ArenaScene.swift in Sources */ = {isa = PBXBuildFile; fileRef = D43E4918273B5F91004031EE /* ArenaScene.swift */; };
		D43E491A273B5F91004031EE /* ArenaScene.swift in Sources */ = {isa = PBXBuildFile; fileRef = D43E4918273B5F91004031EE /* ArenaScene.swift */; };
		D43E4926273B62A1004031EE /* SettingsToggleView.swift in Sources */ = {isa = PBXBuildFile; fileRef = D43E491C273B62A1004031EE /* SettingsToggleView.swift */; };
		D43E4927273B62A1004031EE /* SettingsToggleView.swift in Sources */ = {isa = PBXBuildFile; fileRef = D43E491C273B62A1004031EE /* SettingsToggleView.swift */; };
		D43E4928273B62A1004031EE /* LayerView.swift in Sources */ = {isa = PBXBuildFile; fileRef = D43E491D273B62A1004031EE /* LayerView.swift */; };
		D43E4929273B62A1004031EE /* LayerView.swift in Sources */ = {isa = PBXBuildFile; fileRef = D43E491D273B62A1004031EE /* LayerView.swift */; };
		D43E492A273B62A1004031EE /* LayerSlidersGroupView.swift in Sources */ = {isa = PBXBuildFile; fileRef = D43E491E273B62A1004031EE /* LayerSlidersGroupView.swift */; };
		D43E492B273B62A1004031EE /* LayerSlidersGroupView.swift in Sources */ = {isa = PBXBuildFile; fileRef = D43E491E273B62A1004031EE /* LayerSlidersGroupView.swift */; };
		D43E492C273B62A1004031EE /* LayerSettingsView.swift in Sources */ = {isa = PBXBuildFile; fileRef = D43E491F273B62A1004031EE /* LayerSettingsView.swift */; };
		D43E492D273B62A1004031EE /* LayerSettingsView.swift in Sources */ = {isa = PBXBuildFile; fileRef = D43E491F273B62A1004031EE /* LayerSettingsView.swift */; };
		D43E492E273B62A1004031EE /* LayerSettingsListView.swift in Sources */ = {isa = PBXBuildFile; fileRef = D43E4920273B62A1004031EE /* LayerSettingsListView.swift */; };
		D43E492F273B62A1004031EE /* LayerSettingsListView.swift in Sources */ = {isa = PBXBuildFile; fileRef = D43E4920273B62A1004031EE /* LayerSettingsListView.swift */; };
		D43E4930273B62A1004031EE /* AppSettingsView.swift in Sources */ = {isa = PBXBuildFile; fileRef = D43E4921273B62A1004031EE /* AppSettingsView.swift */; };
		D43E4931273B62A1004031EE /* AppSettingsView.swift in Sources */ = {isa = PBXBuildFile; fileRef = D43E4921273B62A1004031EE /* AppSettingsView.swift */; };
		D43E4932273B62A1004031EE /* LayerToggleGroupView.swift in Sources */ = {isa = PBXBuildFile; fileRef = D43E4922273B62A1004031EE /* LayerToggleGroupView.swift */; };
		D43E4933273B62A1004031EE /* LayerToggleGroupView.swift in Sources */ = {isa = PBXBuildFile; fileRef = D43E4922273B62A1004031EE /* LayerToggleGroupView.swift */; };
		D43E4936273B62A1004031EE /* ContentView.swift in Sources */ = {isa = PBXBuildFile; fileRef = D43E4924273B62A1004031EE /* ContentView.swift */; };
		D43E4937273B62A1004031EE /* ContentView.swift in Sources */ = {isa = PBXBuildFile; fileRef = D43E4924273B62A1004031EE /* ContentView.swift */; };
		D43E4938273B62A1004031EE /* SettingsSliderView.swift in Sources */ = {isa = PBXBuildFile; fileRef = D43E4925273B62A1004031EE /* SettingsSliderView.swift */; };
		D43E4939273B62A1004031EE /* SettingsSliderView.swift in Sources */ = {isa = PBXBuildFile; fileRef = D43E4925273B62A1004031EE /* SettingsSliderView.swift */; };
		D43E4940273B65A4004031EE /* GridPoint.swift in Sources */ = {isa = PBXBuildFile; fileRef = D43E493B273B65A4004031EE /* GridPoint.swift */; };
		D43E4941273B65A4004031EE /* GridPoint.swift in Sources */ = {isa = PBXBuildFile; fileRef = D43E493B273B65A4004031EE /* GridPoint.swift */; };
		D43E4942273B65A4004031EE /* Deque.swift in Sources */ = {isa = PBXBuildFile; fileRef = D43E493C273B65A4004031EE /* Deque.swift */; };
		D43E4943273B65A4004031EE /* Deque.swift in Sources */ = {isa = PBXBuildFile; fileRef = D43E493C273B65A4004031EE /* Deque.swift */; };
		D43E4944273B65A4004031EE /* Extensions.swift in Sources */ = {isa = PBXBuildFile; fileRef = D43E493D273B65A4004031EE /* Extensions.swift */; };
		D43E4945273B65A4004031EE /* Extensions.swift in Sources */ = {isa = PBXBuildFile; fileRef = D43E493D273B65A4004031EE /* Extensions.swift */; };
		D43E4946273B65A4004031EE /* Overload2D.swift in Sources */ = {isa = PBXBuildFile; fileRef = D43E493E273B65A4004031EE /* Overload2D.swift */; };
		D43E4947273B65A4004031EE /* Overload2D.swift in Sources */ = {isa = PBXBuildFile; fileRef = D43E493E273B65A4004031EE /* Overload2D.swift */; };
		D43E4948273B65A4004031EE /* TriangleFormulae.swift in Sources */ = {isa = PBXBuildFile; fileRef = D43E493F273B65A4004031EE /* TriangleFormulae.swift */; };
		D43E4949273B65A4004031EE /* TriangleFormulae.swift in Sources */ = {isa = PBXBuildFile; fileRef = D43E493F273B65A4004031EE /* TriangleFormulae.swift */; };
		D4A1BBA8273B8020003F0EF5 /* Layer.swift in Sources */ = {isa = PBXBuildFile; fileRef = D4A1BBA7273B8020003F0EF5 /* Layer.swift */; };
		D4A1BBA9273B8020003F0EF5 /* Layer.swift in Sources */ = {isa = PBXBuildFile; fileRef = D4A1BBA7273B8020003F0EF5 /* Layer.swift */; };
		D4A1BBAB273B8EFC003F0EF5 /* ArenaView.swift in Sources */ = {isa = PBXBuildFile; fileRef = D4A1BBAA273B8EFC003F0EF5 /* ArenaView.swift */; };
		D4A1BBAC273B8EFC003F0EF5 /* ArenaView.swift in Sources */ = {isa = PBXBuildFile; fileRef = D4A1BBAA273B8EFC003F0EF5 /* ArenaView.swift */; };
		D4A1BBB1273B9204003F0EF5 /* swiftlint.sh in Resources */ = {isa = PBXBuildFile; fileRef = D4A1BBAD273B9204003F0EF5 /* swiftlint.sh */; };
		D4A1BBB2273B9204003F0EF5 /* swiftlint.sh in Resources */ = {isa = PBXBuildFile; fileRef = D4A1BBAD273B9204003F0EF5 /* swiftlint.sh */; };
		D4A1BBB3273B9204003F0EF5 /* .gitignore in Resources */ = {isa = PBXBuildFile; fileRef = D4A1BBAE273B9204003F0EF5 /* .gitignore */; };
		D4A1BBB4273B9204003F0EF5 /* .gitignore in Resources */ = {isa = PBXBuildFile; fileRef = D4A1BBAE273B9204003F0EF5 /* .gitignore */; };
		D4A1BBB5273B9204003F0EF5 /* .swiftlint.yml in Resources */ = {isa = PBXBuildFile; fileRef = D4A1BBAF273B9204003F0EF5 /* .swiftlint.yml */; };
		D4A1BBB6273B9204003F0EF5 /* .swiftlint.yml in Resources */ = {isa = PBXBuildFile; fileRef = D4A1BBAF273B9204003F0EF5 /* .swiftlint.yml */; };
		D4A1BBB7273B9204003F0EF5 /* .overcommit.yml in Resources */ = {isa = PBXBuildFile; fileRef = D4A1BBB0273B9204003F0EF5 /* .overcommit.yml */; };
		D4A1BBB8273B9204003F0EF5 /* .overcommit.yml in Resources */ = {isa = PBXBuildFile; fileRef = D4A1BBB0273B9204003F0EF5 /* .overcommit.yml */; };
		D4A1BBBD273BC70C003F0EF5 /* Size_macOS.swift in Sources */ = {isa = PBXBuildFile; fileRef = D4A1BBBB273BC70C003F0EF5 /* Size_macOS.swift */; };
		D4A1BBBF273BC776003F0EF5 /* Size_iOS.swift in Sources */ = {isa = PBXBuildFile; fileRef = D4A1BBBE273BC764003F0EF5 /* Size_iOS.swift */; };
/* End PBXBuildFile section */

/* Begin PBXFileReference section */
		D43E4898273B5ACF004031EE /* SallyApp.swift */ = {isa = PBXFileReference; lastKnownFileType = sourcecode.swift; path = SallyApp.swift; sourceTree = "<group>"; };
		D43E489A273B5AD1004031EE /* Assets.xcassets */ = {isa = PBXFileReference; lastKnownFileType = folder.assetcatalog; path = Assets.xcassets; sourceTree = "<group>"; };
		D43E489F273B5AD1004031EE /* Sally.app */ = {isa = PBXFileReference; explicitFileType = wrapper.application; includeInIndex = 0; path = Sally.app; sourceTree = BUILT_PRODUCTS_DIR; };
		D43E48A5273B5AD1004031EE /* Sally.app */ = {isa = PBXFileReference; explicitFileType = wrapper.application; includeInIndex = 0; path = Sally.app; sourceTree = BUILT_PRODUCTS_DIR; };
		D43E48A7273B5AD1004031EE /* macOS.entitlements */ = {isa = PBXFileReference; lastKnownFileType = text.plist.entitlements; path = macOS.entitlements; sourceTree = "<group>"; };
		D43E4918273B5F91004031EE /* ArenaScene.swift */ = {isa = PBXFileReference; lastKnownFileType = sourcecode.swift; path = ArenaScene.swift; sourceTree = "<group>"; };
		D43E491C273B62A1004031EE /* SettingsToggleView.swift */ = {isa = PBXFileReference; fileEncoding = 4; lastKnownFileType = sourcecode.swift; path = SettingsToggleView.swift; sourceTree = "<group>"; };
		D43E491D273B62A1004031EE /* LayerView.swift */ = {isa = PBXFileReference; fileEncoding = 4; lastKnownFileType = sourcecode.swift; path = LayerView.swift; sourceTree = "<group>"; };
		D43E491E273B62A1004031EE /* LayerSlidersGroupView.swift */ = {isa = PBXFileReference; fileEncoding = 4; lastKnownFileType = sourcecode.swift; path = LayerSlidersGroupView.swift; sourceTree = "<group>"; };
		D43E491F273B62A1004031EE /* LayerSettingsView.swift */ = {isa = PBXFileReference; fileEncoding = 4; lastKnownFileType = sourcecode.swift; path = LayerSettingsView.swift; sourceTree = "<group>"; };
		D43E4920273B62A1004031EE /* LayerSettingsListView.swift */ = {isa = PBXFileReference; fileEncoding = 4; lastKnownFileType = sourcecode.swift; path = LayerSettingsListView.swift; sourceTree = "<group>"; };
		D43E4921273B62A1004031EE /* AppSettingsView.swift */ = {isa = PBXFileReference; fileEncoding = 4; lastKnownFileType = sourcecode.swift; path = AppSettingsView.swift; sourceTree = "<group>"; };
		D43E4922273B62A1004031EE /* LayerToggleGroupView.swift */ = {isa = PBXFileReference; fileEncoding = 4; lastKnownFileType = sourcecode.swift; path = LayerToggleGroupView.swift; sourceTree = "<group>"; };
		D43E4924273B62A1004031EE /* ContentView.swift */ = {isa = PBXFileReference; fileEncoding = 4; lastKnownFileType = sourcecode.swift; path = ContentView.swift; sourceTree = "<group>"; };
		D43E4925273B62A1004031EE /* SettingsSliderView.swift */ = {isa = PBXFileReference; fileEncoding = 4; lastKnownFileType = sourcecode.swift; path = SettingsSliderView.swift; sourceTree = "<group>"; };
		D43E493B273B65A4004031EE /* GridPoint.swift */ = {isa = PBXFileReference; fileEncoding = 4; lastKnownFileType = sourcecode.swift; path = GridPoint.swift; sourceTree = "<group>"; };
		D43E493C273B65A4004031EE /* Deque.swift */ = {isa = PBXFileReference; fileEncoding = 4; lastKnownFileType = sourcecode.swift; path = Deque.swift; sourceTree = "<group>"; };
		D43E493D273B65A4004031EE /* Extensions.swift */ = {isa = PBXFileReference; fileEncoding = 4; lastKnownFileType = sourcecode.swift; path = Extensions.swift; sourceTree = "<group>"; };
		D43E493E273B65A4004031EE /* Overload2D.swift */ = {isa = PBXFileReference; fileEncoding = 4; lastKnownFileType = sourcecode.swift; path = Overload2D.swift; sourceTree = "<group>"; };
		D43E493F273B65A4004031EE /* TriangleFormulae.swift */ = {isa = PBXFileReference; fileEncoding = 4; lastKnownFileType = sourcecode.swift; path = TriangleFormulae.swift; sourceTree = "<group>"; };
		D4A1BBA7273B8020003F0EF5 /* Layer.swift */ = {isa = PBXFileReference; fileEncoding = 4; lastKnownFileType = sourcecode.swift; path = Layer.swift; sourceTree = "<group>"; };
		D4A1BBAA273B8EFC003F0EF5 /* ArenaView.swift */ = {isa = PBXFileReference; fileEncoding = 4; lastKnownFileType = sourcecode.swift; path = ArenaView.swift; sourceTree = "<group>"; };
		D4A1BBAD273B9204003F0EF5 /* swiftlint.sh */ = {isa = PBXFileReference; fileEncoding = 4; lastKnownFileType = text.script.sh; path = swiftlint.sh; sourceTree = "<group>"; };
		D4A1BBAE273B9204003F0EF5 /* .gitignore */ = {isa = PBXFileReference; fileEncoding = 4; lastKnownFileType = text; path = .gitignore; sourceTree = "<group>"; };
		D4A1BBAF273B9204003F0EF5 /* .swiftlint.yml */ = {isa = PBXFileReference; fileEncoding = 4; lastKnownFileType = text.yaml; path = .swiftlint.yml; sourceTree = "<group>"; };
		D4A1BBB0273B9204003F0EF5 /* .overcommit.yml */ = {isa = PBXFileReference; fileEncoding = 4; lastKnownFileType = text.yaml; path = .overcommit.yml; sourceTree = "<group>"; };
		D4A1BBBB273BC70C003F0EF5 /* Size_macOS.swift */ = {isa = PBXFileReference; lastKnownFileType = sourcecode.swift; path = Size_macOS.swift; sourceTree = "<group>"; };
		D4A1BBBE273BC764003F0EF5 /* Size_iOS.swift */ = {isa = PBXFileReference; lastKnownFileType = sourcecode.swift; path = Size_iOS.swift; sourceTree = "<group>"; };
/* End PBXFileReference section */

/* Begin PBXFrameworksBuildPhase section */
		D43E489C273B5AD1004031EE /* Frameworks */ = {
			isa = PBXFrameworksBuildPhase;
			buildActionMask = 2147483647;
			files = (
			);
			runOnlyForDeploymentPostprocessing = 0;
		};
		D43E48A2273B5AD1004031EE /* Frameworks */ = {
			isa = PBXFrameworksBuildPhase;
			buildActionMask = 2147483647;
			files = (
			);
			runOnlyForDeploymentPostprocessing = 0;
		};
/* End PBXFrameworksBuildPhase section */

/* Begin PBXGroup section */
		D43E4892273B5ACF004031EE = {
			isa = PBXGroup;
			children = (
				D4A1BBAE273B9204003F0EF5 /* .gitignore */,
				D4A1BBB0273B9204003F0EF5 /* .overcommit.yml */,
				D4A1BBAF273B9204003F0EF5 /* .swiftlint.yml */,
				D4A1BBAD273B9204003F0EF5 /* swiftlint.sh */,
				D43E4897273B5ACF004031EE /* Shared */,
				D43E48A6273B5AD1004031EE /* macOS */,
				D43E48A0273B5AD1004031EE /* Products */,
			);
			sourceTree = "<group>";
		};
		D43E4897273B5ACF004031EE /* Shared */ = {
			isa = PBXGroup;
			children = (
				D43E493A273B65A4004031EE /* NutsNBolts */,
				D43E491B273B62A1004031EE /* Views */,
				D43E4918273B5F91004031EE /* ArenaScene.swift */,
				D43E4924273B62A1004031EE /* ContentView.swift */,
				D4A1BBA7273B8020003F0EF5 /* Layer.swift */,
				D43E4898273B5ACF004031EE /* SallyApp.swift */,
				D43E489A273B5AD1004031EE /* Assets.xcassets */,
			);
			path = Shared;
			sourceTree = "<group>";
		};
		D43E48A0273B5AD1004031EE /* Products */ = {
			isa = PBXGroup;
			children = (
				D43E489F273B5AD1004031EE /* Sally.app */,
				D43E48A5273B5AD1004031EE /* Sally.app */,
			);
			name = Products;
			sourceTree = "<group>";
		};
		D43E48A6273B5AD1004031EE /* macOS */ = {
			isa = PBXGroup;
			children = (
				D43E48A7273B5AD1004031EE /* macOS.entitlements */,
			);
			path = macOS;
			sourceTree = "<group>";
		};
		D43E491B273B62A1004031EE /* Views */ = {
			isa = PBXGroup;
			children = (
				D4A1BBAA273B8EFC003F0EF5 /* ArenaView.swift */,
				D43E4921273B62A1004031EE /* AppSettingsView.swift */,
				D43E4920273B62A1004031EE /* LayerSettingsListView.swift */,
				D43E491F273B62A1004031EE /* LayerSettingsView.swift */,
				D43E491E273B62A1004031EE /* LayerSlidersGroupView.swift */,
				D43E4922273B62A1004031EE /* LayerToggleGroupView.swift */,
				D43E491D273B62A1004031EE /* LayerView.swift */,
				D43E4925273B62A1004031EE /* SettingsSliderView.swift */,
				D43E491C273B62A1004031EE /* SettingsToggleView.swift */,
			);
			path = Views;
			sourceTree = "<group>";
		};
		D43E493A273B65A4004031EE /* NutsNBolts */ = {
			isa = PBXGroup;
			children = (
				D43E493C273B65A4004031EE /* Deque.swift */,
				D43E493D273B65A4004031EE /* Extensions.swift */,
				D43E493B273B65A4004031EE /* GridPoint.swift */,
				D43E493E273B65A4004031EE /* Overload2D.swift */,
				D4A1BBBB273BC70C003F0EF5 /* Size_macOS.swift */,
				D4A1BBBE273BC764003F0EF5 /* Size_iOS.swift */,
				D43E493F273B65A4004031EE /* TriangleFormulae.swift */,
			);
			path = NutsNBolts;
			sourceTree = "<group>";
		};
/* End PBXGroup section */

/* Begin PBXNativeTarget section */
		D43E489E273B5AD1004031EE /* Sally (iOS) */ = {
			isa = PBXNativeTarget;
			buildConfigurationList = D43E48B0273B5AD1004031EE /* Build configuration list for PBXNativeTarget "Sally (iOS)" */;
			buildPhases = (
				D4A1BBBA273B9249003F0EF5 /* ShellScript */,
				D43E489B273B5AD1004031EE /* Sources */,
				D43E489C273B5AD1004031EE /* Frameworks */,
				D43E489D273B5AD1004031EE /* Resources */,
			);
			buildRules = (
			);
			dependencies = (
			);
			name = "Sally (iOS)";
			productName = "Sally (iOS)";
			productReference = D43E489F273B5AD1004031EE /* Sally.app */;
			productType = "com.apple.product-type.application";
		};
		D43E48A4273B5AD1004031EE /* Sally (macOS) */ = {
			isa = PBXNativeTarget;
			buildConfigurationList = D43E48B3273B5AD1004031EE /* Build configuration list for PBXNativeTarget "Sally (macOS)" */;
			buildPhases = (
				D4A1BBB9273B922C003F0EF5 /* ShellScript */,
				D43E48A1273B5AD1004031EE /* Sources */,
				D43E48A2273B5AD1004031EE /* Frameworks */,
				D43E48A3273B5AD1004031EE /* Resources */,
			);
			buildRules = (
			);
			dependencies = (
			);
			name = "Sally (macOS)";
			productName = "Sally (macOS)";
			productReference = D43E48A5273B5AD1004031EE /* Sally.app */;
			productType = "com.apple.product-type.application";
		};
/* End PBXNativeTarget section */

/* Begin PBXProject section */
		D43E4893273B5ACF004031EE /* Project object */ = {
			isa = PBXProject;
			attributes = {
				BuildIndependentTargetsInParallel = 1;
				LastSwiftUpdateCheck = 1310;
				LastUpgradeCheck = 1310;
				TargetAttributes = {
					D43E489E273B5AD1004031EE = {
						CreatedOnToolsVersion = 13.1;
					};
					D43E48A4273B5AD1004031EE = {
						CreatedOnToolsVersion = 13.1;
					};
				};
			};
			buildConfigurationList = D43E4896273B5ACF004031EE /* Build configuration list for PBXProject "Sally" */;
			compatibilityVersion = "Xcode 13.0";
			developmentRegion = en;
			hasScannedForEncodings = 0;
			knownRegions = (
				en,
				Base,
			);
			mainGroup = D43E4892273B5ACF004031EE;
			productRefGroup = D43E48A0273B5AD1004031EE /* Products */;
			projectDirPath = "";
			projectRoot = "";
			targets = (
				D43E489E273B5AD1004031EE /* Sally (iOS) */,
				D43E48A4273B5AD1004031EE /* Sally (macOS) */,
			);
		};
/* End PBXProject section */

/* Begin PBXResourcesBuildPhase section */
		D43E489D273B5AD1004031EE /* Resources */ = {
			isa = PBXResourcesBuildPhase;
			buildActionMask = 2147483647;
			files = (
				D4A1BBB5273B9204003F0EF5 /* .swiftlint.yml in Resources */,
				D43E48AC273B5AD1004031EE /* Assets.xcassets in Resources */,
				D4A1BBB7273B9204003F0EF5 /* .overcommit.yml in Resources */,
				D4A1BBB3273B9204003F0EF5 /* .gitignore in Resources */,
				D4A1BBB1273B9204003F0EF5 /* swiftlint.sh in Resources */,
			);
			runOnlyForDeploymentPostprocessing = 0;
		};
		D43E48A3273B5AD1004031EE /* Resources */ = {
			isa = PBXResourcesBuildPhase;
			buildActionMask = 2147483647;
			files = (
				D4A1BBB6273B9204003F0EF5 /* .swiftlint.yml in Resources */,
				D43E48AD273B5AD1004031EE /* Assets.xcassets in Resources */,
				D4A1BBB8273B9204003F0EF5 /* .overcommit.yml in Resources */,
				D4A1BBB4273B9204003F0EF5 /* .gitignore in Resources */,
				D4A1BBB2273B9204003F0EF5 /* swiftlint.sh in Resources */,
			);
			runOnlyForDeploymentPostprocessing = 0;
		};
/* End PBXResourcesBuildPhase section */

/* Begin PBXShellScriptBuildPhase section */
		D4A1BBB9273B922C003F0EF5 /* ShellScript */ = {
			isa = PBXShellScriptBuildPhase;
			buildActionMask = 2147483647;
			files = (
			);
			inputFileListPaths = (
			);
			inputPaths = (
			);
			outputFileListPaths = (
			);
			outputPaths = (
			);
			runOnlyForDeploymentPostprocessing = 0;
			shellPath = /bin/sh;
			shellScript = "# Type a script or drag a script file from your workspace to insert its path.\n./swiftlint.sh\n";
		};
		D4A1BBBA273B9249003F0EF5 /* ShellScript */ = {
			isa = PBXShellScriptBuildPhase;
			buildActionMask = 2147483647;
			files = (
			);
			inputFileListPaths = (
			);
			inputPaths = (
			);
			outputFileListPaths = (
			);
			outputPaths = (
			);
			runOnlyForDeploymentPostprocessing = 0;
			shellPath = /bin/sh;
			shellScript = "# Type a script or drag a script file from your workspace to insert its path.\n./swiftlint.sh\n";
		};
/* End PBXShellScriptBuildPhase section */

/* Begin PBXSourcesBuildPhase section */
		D43E489B273B5AD1004031EE /* Sources */ = {
			isa = PBXSourcesBuildPhase;
			buildActionMask = 2147483647;
			files = (
				D43E4938273B62A1004031EE /* SettingsSliderView.swift in Sources */,
				D43E4946273B65A4004031EE /* Overload2D.swift in Sources */,
				D43E4948273B65A4004031EE /* TriangleFormulae.swift in Sources */,
				D43E492A273B62A1004031EE /* LayerSlidersGroupView.swift in Sources */,
				D43E4936273B62A1004031EE /* ContentView.swift in Sources */,
				D43E4930273B62A1004031EE /* AppSettingsView.swift in Sources */,
				D43E4926273B62A1004031EE /* SettingsToggleView.swift in Sources */,
				D43E4932273B62A1004031EE /* LayerToggleGroupView.swift in Sources */,
				D43E4940273B65A4004031EE /* GridPoint.swift in Sources */,
				D43E492C273B62A1004031EE /* LayerSettingsView.swift in Sources */,
				D43E4942273B65A4004031EE /* Deque.swift in Sources */,
				D43E4928273B62A1004031EE /* LayerView.swift in Sources */,
				D4A1BBAB273B8EFC003F0EF5 /* ArenaView.swift in Sources */,
				D43E492E273B62A1004031EE /* LayerSettingsListView.swift in Sources */,
				D43E4944273B65A4004031EE /* Extensions.swift in Sources */,
				D4A1BBBF273BC776003F0EF5 /* Size_iOS.swift in Sources */,
				D4A1BBA8273B8020003F0EF5 /* Layer.swift in Sources */,
				D43E4919273B5F91004031EE /* ArenaScene.swift in Sources */,
				D43E48A8273B5AD1004031EE /* SallyApp.swift in Sources */,
			);
			runOnlyForDeploymentPostprocessing = 0;
		};
		D43E48A1273B5AD1004031EE /* Sources */ = {
			isa = PBXSourcesBuildPhase;
			buildActionMask = 2147483647;
			files = (
				D43E4939273B62A1004031EE /* SettingsSliderView.swift in Sources */,
				D43E4947273B65A4004031EE /* Overload2D.swift in Sources */,
				D43E4949273B65A4004031EE /* TriangleFormulae.swift in Sources */,
				D43E492B273B62A1004031EE /* LayerSlidersGroupView.swift in Sources */,
				D43E4937273B62A1004031EE /* ContentView.swift in Sources */,
				D43E4931273B62A1004031EE /* AppSettingsView.swift in Sources */,
				D43E4927273B62A1004031EE /* SettingsToggleView.swift in Sources */,
				D43E4933273B62A1004031EE /* LayerToggleGroupView.swift in Sources */,
				D43E4941273B65A4004031EE /* GridPoint.swift in Sources */,
				D43E492D273B62A1004031EE /* LayerSettingsView.swift in Sources */,
				D4A1BBBD273BC70C003F0EF5 /* Size_macOS.swift in Sources */,
				D43E4943273B65A4004031EE /* Deque.swift in Sources */,
				D43E4929273B62A1004031EE /* LayerView.swift in Sources */,
				D4A1BBAC273B8EFC003F0EF5 /* ArenaView.swift in Sources */,
				D43E492F273B62A1004031EE /* LayerSettingsListView.swift in Sources */,
				D43E4945273B65A4004031EE /* Extensions.swift in Sources */,
				D4A1BBA9273B8020003F0EF5 /* Layer.swift in Sources */,
				D43E491A273B5F91004031EE /* ArenaScene.swift in Sources */,
				D43E48A9273B5AD1004031EE /* SallyApp.swift in Sources */,
			);
			runOnlyForDeploymentPostprocessing = 0;
		};
/* End PBXSourcesBuildPhase section */

/* Begin XCBuildConfiguration section */
		D43E48AE273B5AD1004031EE /* Debug */ = {
			isa = XCBuildConfiguration;
			buildSettings = {
				ALWAYS_SEARCH_USER_PATHS = NO;
				CLANG_ANALYZER_NONNULL = YES;
				CLANG_ANALYZER_NUMBER_OBJECT_CONVERSION = YES_AGGRESSIVE;
				CLANG_CXX_LANGUAGE_STANDARD = "gnu++17";
				CLANG_CXX_LIBRARY = "libc++";
				CLANG_ENABLE_MODULES = YES;
				CLANG_ENABLE_OBJC_ARC = YES;
				CLANG_ENABLE_OBJC_WEAK = YES;
				CLANG_WARN_BLOCK_CAPTURE_AUTORELEASING = YES;
				CLANG_WARN_BOOL_CONVERSION = YES;
				CLANG_WARN_COMMA = YES;
				CLANG_WARN_CONSTANT_CONVERSION = YES;
				CLANG_WARN_DEPRECATED_OBJC_IMPLEMENTATIONS = YES;
				CLANG_WARN_DIRECT_OBJC_ISA_USAGE = YES_ERROR;
				CLANG_WARN_DOCUMENTATION_COMMENTS = YES;
				CLANG_WARN_EMPTY_BODY = YES;
				CLANG_WARN_ENUM_CONVERSION = YES;
				CLANG_WARN_INFINITE_RECURSION = YES;
				CLANG_WARN_INT_CONVERSION = YES;
				CLANG_WARN_NON_LITERAL_NULL_CONVERSION = YES;
				CLANG_WARN_OBJC_IMPLICIT_RETAIN_SELF = YES;
				CLANG_WARN_OBJC_LITERAL_CONVERSION = YES;
				CLANG_WARN_OBJC_ROOT_CLASS = YES_ERROR;
				CLANG_WARN_QUOTED_INCLUDE_IN_FRAMEWORK_HEADER = YES;
				CLANG_WARN_RANGE_LOOP_ANALYSIS = YES;
				CLANG_WARN_STRICT_PROTOTYPES = YES;
				CLANG_WARN_SUSPICIOUS_MOVE = YES;
				CLANG_WARN_UNGUARDED_AVAILABILITY = YES_AGGRESSIVE;
				CLANG_WARN_UNREACHABLE_CODE = YES;
				CLANG_WARN__DUPLICATE_METHOD_MATCH = YES;
				COPY_PHASE_STRIP = NO;
				DEBUG_INFORMATION_FORMAT = dwarf;
				ENABLE_STRICT_OBJC_MSGSEND = YES;
				ENABLE_TESTABILITY = YES;
				GCC_C_LANGUAGE_STANDARD = gnu11;
				GCC_DYNAMIC_NO_PIC = NO;
				GCC_NO_COMMON_BLOCKS = YES;
				GCC_OPTIMIZATION_LEVEL = 0;
				GCC_PREPROCESSOR_DEFINITIONS = (
					"DEBUG=1",
					"$(inherited)",
				);
				GCC_WARN_64_TO_32_BIT_CONVERSION = YES;
				GCC_WARN_ABOUT_RETURN_TYPE = YES_ERROR;
				GCC_WARN_UNDECLARED_SELECTOR = YES;
				GCC_WARN_UNINITIALIZED_AUTOS = YES_AGGRESSIVE;
				GCC_WARN_UNUSED_FUNCTION = YES;
				GCC_WARN_UNUSED_VARIABLE = YES;
				MTL_ENABLE_DEBUG_INFO = INCLUDE_SOURCE;
				MTL_FAST_MATH = YES;
				ONLY_ACTIVE_ARCH = YES;
				SWIFT_ACTIVE_COMPILATION_CONDITIONS = DEBUG;
				SWIFT_OPTIMIZATION_LEVEL = "-Onone";
			};
			name = Debug;
		};
		D43E48AF273B5AD1004031EE /* Release */ = {
			isa = XCBuildConfiguration;
			buildSettings = {
				ALWAYS_SEARCH_USER_PATHS = NO;
				CLANG_ANALYZER_NONNULL = YES;
				CLANG_ANALYZER_NUMBER_OBJECT_CONVERSION = YES_AGGRESSIVE;
				CLANG_CXX_LANGUAGE_STANDARD = "gnu++17";
				CLANG_CXX_LIBRARY = "libc++";
				CLANG_ENABLE_MODULES = YES;
				CLANG_ENABLE_OBJC_ARC = YES;
				CLANG_ENABLE_OBJC_WEAK = YES;
				CLANG_WARN_BLOCK_CAPTURE_AUTORELEASING = YES;
				CLANG_WARN_BOOL_CONVERSION = YES;
				CLANG_WARN_COMMA = YES;
				CLANG_WARN_CONSTANT_CONVERSION = YES;
				CLANG_WARN_DEPRECATED_OBJC_IMPLEMENTATIONS = YES;
				CLANG_WARN_DIRECT_OBJC_ISA_USAGE = YES_ERROR;
				CLANG_WARN_DOCUMENTATION_COMMENTS = YES;
				CLANG_WARN_EMPTY_BODY = YES;
				CLANG_WARN_ENUM_CONVERSION = YES;
				CLANG_WARN_INFINITE_RECURSION = YES;
				CLANG_WARN_INT_CONVERSION = YES;
				CLANG_WARN_NON_LITERAL_NULL_CONVERSION = YES;
				CLANG_WARN_OBJC_IMPLICIT_RETAIN_SELF = YES;
				CLANG_WARN_OBJC_LITERAL_CONVERSION = YES;
				CLANG_WARN_OBJC_ROOT_CLASS = YES_ERROR;
				CLANG_WARN_QUOTED_INCLUDE_IN_FRAMEWORK_HEADER = YES;
				CLANG_WARN_RANGE_LOOP_ANALYSIS = YES;
				CLANG_WARN_STRICT_PROTOTYPES = YES;
				CLANG_WARN_SUSPICIOUS_MOVE = YES;
				CLANG_WARN_UNGUARDED_AVAILABILITY = YES_AGGRESSIVE;
				CLANG_WARN_UNREACHABLE_CODE = YES;
				CLANG_WARN__DUPLICATE_METHOD_MATCH = YES;
				COPY_PHASE_STRIP = NO;
				DEBUG_INFORMATION_FORMAT = "dwarf-with-dsym";
				ENABLE_NS_ASSERTIONS = NO;
				ENABLE_STRICT_OBJC_MSGSEND = YES;
				GCC_C_LANGUAGE_STANDARD = gnu11;
				GCC_NO_COMMON_BLOCKS = YES;
				GCC_WARN_64_TO_32_BIT_CONVERSION = YES;
				GCC_WARN_ABOUT_RETURN_TYPE = YES_ERROR;
				GCC_WARN_UNDECLARED_SELECTOR = YES;
				GCC_WARN_UNINITIALIZED_AUTOS = YES_AGGRESSIVE;
				GCC_WARN_UNUSED_FUNCTION = YES;
				GCC_WARN_UNUSED_VARIABLE = YES;
				MTL_ENABLE_DEBUG_INFO = NO;
				MTL_FAST_MATH = YES;
				SWIFT_COMPILATION_MODE = wholemodule;
				SWIFT_OPTIMIZATION_LEVEL = "-O";
			};
			name = Release;
		};
		D43E48B1273B5AD1004031EE /* Debug */ = {
			isa = XCBuildConfiguration;
			buildSettings = {
				ASSETCATALOG_COMPILER_APPICON_NAME = AppIcon;
				ASSETCATALOG_COMPILER_GLOBAL_ACCENT_COLOR_NAME = AccentColor;
				CODE_SIGN_STYLE = Automatic;
				CURRENT_PROJECT_VERSION = 1;
				DEVELOPMENT_TEAM = DD983V4X84;
				ENABLE_PREVIEWS = YES;
				GENERATE_INFOPLIST_FILE = YES;
				INFOPLIST_KEY_UIApplicationSceneManifest_Generation = YES;
				INFOPLIST_KEY_UIApplicationSupportsIndirectInputEvents = YES;
				INFOPLIST_KEY_UILaunchScreen_Generation = YES;
				INFOPLIST_KEY_UISupportedInterfaceOrientations_iPad = "UIInterfaceOrientationPortrait UIInterfaceOrientationPortraitUpsideDown UIInterfaceOrientationLandscapeLeft UIInterfaceOrientationLandscapeRight";
				INFOPLIST_KEY_UISupportedInterfaceOrientations_iPhone = "UIInterfaceOrientationPortrait UIInterfaceOrientationLandscapeLeft UIInterfaceOrientationLandscapeRight";
				IPHONEOS_DEPLOYMENT_TARGET = 15.0;
				LD_RUNPATH_SEARCH_PATHS = (
					"$(inherited)",
					"@executable_path/Frameworks",
				);
				MARKETING_VERSION = 1.0;
				PRODUCT_BUNDLE_IDENTIFIER = com.boringsoftware.Sally;
				PRODUCT_NAME = Sally;
				SDKROOT = iphoneos;
				SWIFT_EMIT_LOC_STRINGS = YES;
				SWIFT_VERSION = 5.0;
				TARGETED_DEVICE_FAMILY = "1,2";
			};
			name = Debug;
		};
		D43E48B2273B5AD1004031EE /* Release */ = {
			isa = XCBuildConfiguration;
			buildSettings = {
				ASSETCATALOG_COMPILER_APPICON_NAME = AppIcon;
				ASSETCATALOG_COMPILER_GLOBAL_ACCENT_COLOR_NAME = AccentColor;
				CODE_SIGN_STYLE = Automatic;
				CURRENT_PROJECT_VERSION = 1;
				DEVELOPMENT_TEAM = DD983V4X84;
				ENABLE_PREVIEWS = YES;
				GENERATE_INFOPLIST_FILE = YES;
				INFOPLIST_KEY_UIApplicationSceneManifest_Generation = YES;
				INFOPLIST_KEY_UIApplicationSupportsIndirectInputEvents = YES;
				INFOPLIST_KEY_UILaunchScreen_Generation = YES;
				INFOPLIST_KEY_UISupportedInterfaceOrientations_iPad = "UIInterfaceOrientationPortrait UIInterfaceOrientationPortraitUpsideDown UIInterfaceOrientationLandscapeLeft UIInterfaceOrientationLandscapeRight";
				INFOPLIST_KEY_UISupportedInterfaceOrientations_iPhone = "UIInterfaceOrientationPortrait UIInterfaceOrientationLandscapeLeft UIInterfaceOrientationLandscapeRight";
				IPHONEOS_DEPLOYMENT_TARGET = 15.0;
				LD_RUNPATH_SEARCH_PATHS = (
					"$(inherited)",
					"@executable_path/Frameworks",
				);
				MARKETING_VERSION = 1.0;
				PRODUCT_BUNDLE_IDENTIFIER = com.boringsoftware.Sally;
				PRODUCT_NAME = Sally;
				SDKROOT = iphoneos;
				SWIFT_EMIT_LOC_STRINGS = YES;
				SWIFT_VERSION = 5.0;
				TARGETED_DEVICE_FAMILY = "1,2";
				VALIDATE_PRODUCT = YES;
			};
			name = Release;
		};
		D43E48B4273B5AD1004031EE /* Debug */ = {
			isa = XCBuildConfiguration;
			buildSettings = {
				ASSETCATALOG_COMPILER_APPICON_NAME = AppIcon;
				ASSETCATALOG_COMPILER_GLOBAL_ACCENT_COLOR_NAME = AccentColor;
				CODE_SIGN_ENTITLEMENTS = macOS/macOS.entitlements;
				CODE_SIGN_STYLE = Automatic;
				COMBINE_HIDPI_IMAGES = YES;
				CURRENT_PROJECT_VERSION = 1;
				DEVELOPMENT_TEAM = DD983V4X84;
				ENABLE_HARDENED_RUNTIME = YES;
				ENABLE_PREVIEWS = YES;
				GENERATE_INFOPLIST_FILE = YES;
				INFOPLIST_KEY_NSHumanReadableCopyright = "";
				LD_RUNPATH_SEARCH_PATHS = (
					"$(inherited)",
					"@executable_path/../Frameworks",
				);
				MACOSX_DEPLOYMENT_TARGET = 12.0;
				MARKETING_VERSION = 1.0;
				PRODUCT_BUNDLE_IDENTIFIER = com.boringsoftware.Sally;
				PRODUCT_NAME = Sally;
				SDKROOT = macosx;
				SWIFT_EMIT_LOC_STRINGS = YES;
				SWIFT_VERSION = 5.0;
			};
			name = Debug;
		};
		D43E48B5273B5AD1004031EE /* Release */ = {
			isa = XCBuildConfiguration;
			buildSettings = {
				ASSETCATALOG_COMPILER_APPICON_NAME = AppIcon;
				ASSETCATALOG_COMPILER_GLOBAL_ACCENT_COLOR_NAME = AccentColor;
				CODE_SIGN_ENTITLEMENTS = macOS/macOS.entitlements;
				CODE_SIGN_STYLE = Automatic;
				COMBINE_HIDPI_IMAGES = YES;
				CURRENT_PROJECT_VERSION = 1;
				DEVELOPMENT_TEAM = DD983V4X84;
				ENABLE_HARDENED_RUNTIME = YES;
				ENABLE_PREVIEWS = YES;
				GENERATE_INFOPLIST_FILE = YES;
				INFOPLIST_KEY_NSHumanReadableCopyright = "";
				LD_RUNPATH_SEARCH_PATHS = (
					"$(inherited)",
					"@executable_path/../Frameworks",
				);
				MACOSX_DEPLOYMENT_TARGET = 12.0;
				MARKETING_VERSION = 1.0;
				PRODUCT_BUNDLE_IDENTIFIER = com.boringsoftware.Sally;
				PRODUCT_NAME = Sally;
				SDKROOT = macosx;
				SWIFT_EMIT_LOC_STRINGS = YES;
				SWIFT_VERSION = 5.0;
			};
			name = Release;
		};
/* End XCBuildConfiguration section */

/* Begin XCConfigurationList section */
		D43E4896273B5ACF004031EE /* Build configuration list for PBXProject "Sally" */ = {
			isa = XCConfigurationList;
			buildConfigurations = (
				D43E48AE273B5AD1004031EE /* Debug */,
				D43E48AF273B5AD1004031EE /* Release */,
			);
			defaultConfigurationIsVisible = 0;
			defaultConfigurationName = Release;
		};
		D43E48B0273B5AD1004031EE /* Build configuration list for PBXNativeTarget "Sally (iOS)" */ = {
			isa = XCConfigurationList;
			buildConfigurations = (
				D43E48B1273B5AD1004031EE /* Debug */,
				D43E48B2273B5AD1004031EE /* Release */,
			);
			defaultConfigurationIsVisible = 0;
			defaultConfigurationName = Release;
		};
		D43E48B3273B5AD1004031EE /* Build configuration list for PBXNativeTarget "Sally (macOS)" */ = {
			isa = XCConfigurationList;
			buildConfigurations = (
				D43E48B4273B5AD1004031EE /* Debug */,
				D43E48B5273B5AD1004031EE /* Release */,
			);
			defaultConfigurationIsVisible = 0;
			defaultConfigurationName = Release;
		};
/* End XCConfigurationList section */
	};
	rootObject = D43E4893273B5ACF004031EE /* Project object */;
}
